PODS:
  - Flutter (1.0.0)
  - UMCommon (7.2.5):
    - UMDevice
  - UMDevice (1.1.0)
  - umeng_statistics (0.0.1):
    - Flutter
    - UMCommon
    - UMDevice

DEPENDENCIES:
  - Flutter (from `Flutter`)
  - umeng_statistics (from `.symlinks/plugins/umeng_statistics/ios`)

SPEC REPOS:
  trunk:
    - UMCommon
    - UMDevice

EXTERNAL SOURCES:
  Flutter:
    :path: Flutter
  umeng_statistics:
    :path: ".symlinks/plugins/umeng_statistics/ios"

SPEC CHECKSUMS:
  Flutter: 434fef37c0980e73bb6479ef766c45957d4b510c
  UMCommon: b5aabdb9fad44330ff8738d9bc46ebf93db14bf2
  UMDevice: 28d21a568c8e8322e5a03bbd53b138d0c098d3b3
  umeng_statistics: 0992da3aed681e141a49b872f71537819571a133

PODFILE CHECKSUM: 8e679eca47255a8ca8067c4c67aab20e64cb974d

COCOAPODS: 1.9.3
